// !$*UTF8*$!
{
	archiveVersion = 1;
	classes = {
	};
	objectVersion = 51;
	objects = {

/* Begin PBXBuildFile section */
		C70B2E70263DE549003E92CB /* AppDelegate.swift in Sources */ = {isa = PBXBuildFile; fileRef = C70B2E6F263DE549003E92CB /* AppDelegate.swift */; };
		C70B2E72263DE549003E92CB /* SceneDelegate.swift in Sources */ = {isa = PBXBuildFile; fileRef = C70B2E71263DE549003E92CB /* SceneDelegate.swift */; };
		C70B2E74263DE549003E92CB /* AuthenticationController.swift in Sources */ = {isa = PBXBuildFile; fileRef = C70B2E73263DE549003E92CB /* AuthenticationController.swift */; };
		C70B2E77263DE549003E92CB /* Main.storyboard in Resources */ = {isa = PBXBuildFile; fileRef = C70B2E75263DE549003E92CB /* Main.storyboard */; };
		C70B2E79263DE54B003E92CB /* Assets.xcassets in Resources */ = {isa = PBXBuildFile; fileRef = C70B2E78263DE54B003E92CB /* Assets.xcassets */; };
		C70B2E7C263DE54B003E92CB /* LaunchScreen.storyboard in Resources */ = {isa = PBXBuildFile; fileRef = C70B2E7A263DE54B003E92CB /* LaunchScreen.storyboard */; };
		C70B2E86264035A9003E92CB /* AuthViewController.swift in Sources */ = {isa = PBXBuildFile; fileRef = C70B2E85264035A9003E92CB /* AuthViewController.swift */; };
		C70B2E88264035BE003E92CB /* LoginViewController.swift in Sources */ = {isa = PBXBuildFile; fileRef = C70B2E87264035BE003E92CB /* LoginViewController.swift */; };
		C70B2E8A26403603003E92CB /* SignInViewController.swift in Sources */ = {isa = PBXBuildFile; fileRef = C70B2E8926403603003E92CB /* SignInViewController.swift */; };
		C71CA9C326A98B700061CA6A /* GoogleService-Info.plist in Resources */ = {isa = PBXBuildFile; fileRef = C71CA9C226A98B700061CA6A /* GoogleService-Info.plist */; };
		C7377D74267E300A00823610 /* ContentView.swift in Sources */ = {isa = PBXBuildFile; fileRef = C7377D73267E300A00823610 /* ContentView.swift */; };
		C7377D7B267E38B200823610 /* Pods_registrationPageFirebase.framework in Frameworks */ = {isa = PBXBuildFile; fileRef = 8D50E5955560BD8BD8010A24 /* Pods_registrationPageFirebase.framework */; };
/* End PBXBuildFile section */

/* Begin PBXFileReference section */
		68D63B354720C749473EABA2 /* Pods-registrationPageFirebase.release.xcconfig */ = {isa = PBXFileReference; includeInIndex = 1; lastKnownFileType = text.xcconfig; name = "Pods-registrationPageFirebase.release.xcconfig"; path = "Target Support Files/Pods-registrationPageFirebase/Pods-registrationPageFirebase.release.xcconfig"; sourceTree = "<group>"; };
		77D239D597415FC9A85D1F2D /* Pods-registrationPageFirebase.debug.xcconfig */ = {isa = PBXFileReference; includeInIndex = 1; lastKnownFileType = text.xcconfig; name = "Pods-registrationPageFirebase.debug.xcconfig"; path = "Target Support Files/Pods-registrationPageFirebase/Pods-registrationPageFirebase.debug.xcconfig"; sourceTree = "<group>"; };
		8D50E5955560BD8BD8010A24 /* Pods_registrationPageFirebase.framework */ = {isa = PBXFileReference; explicitFileType = wrapper.framework; includeInIndex = 0; path = Pods_registrationPageFirebase.framework; sourceTree = BUILT_PRODUCTS_DIR; };
		C70B2E6C263DE549003E92CB /* registrationPageFirebase.app */ = {isa = PBXFileReference; explicitFileType = wrapper.application; includeInIndex = 0; path = registrationPageFirebase.app; sourceTree = BUILT_PRODUCTS_DIR; };
		C70B2E6F263DE549003E92CB /* AppDelegate.swift */ = {isa = PBXFileReference; lastKnownFileType = sourcecode.swift; path = AppDelegate.swift; sourceTree = "<group>"; };
		C70B2E71263DE549003E92CB /* SceneDelegate.swift */ = {isa = PBXFileReference; lastKnownFileType = sourcecode.swift; path = SceneDelegate.swift; sourceTree = "<group>"; };
		C70B2E73263DE549003E92CB /* AuthenticationController.swift */ = {isa = PBXFileReference; lastKnownFileType = sourcecode.swift; path = AuthenticationController.swift; sourceTree = "<group>"; };
		C70B2E76263DE549003E92CB /* Base */ = {isa = PBXFileReference; lastKnownFileType = file.storyboard; name = Base; path = Base.lproj/Main.storyboard; sourceTree = "<group>"; };
		C70B2E78263DE54B003E92CB /* Assets.xcassets */ = {isa = PBXFileReference; lastKnownFileType = folder.assetcatalog; path = Assets.xcassets; sourceTree = "<group>"; };
		C70B2E7B263DE54B003E92CB /* Base */ = {isa = PBXFileReference; lastKnownFileType = file.storyboard; name = Base; path = Base.lproj/LaunchScreen.storyboard; sourceTree = "<group>"; };
		C70B2E7D263DE54B003E92CB /* Info.plist */ = {isa = PBXFileReference; lastKnownFileType = text.plist.xml; path = Info.plist; sourceTree = "<group>"; };
		C70B2E85264035A9003E92CB /* AuthViewController.swift */ = {isa = PBXFileReference; lastKnownFileType = sourcecode.swift; path = AuthViewController.swift; sourceTree = "<group>"; };
		C70B2E87264035BE003E92CB /* LoginViewController.swift */ = {isa = PBXFileReference; lastKnownFileType = sourcecode.swift; path = LoginViewController.swift; sourceTree = "<group>"; };
		C70B2E8926403603003E92CB /* SignInViewController.swift */ = {isa = PBXFileReference; lastKnownFileType = sourcecode.swift; path = SignInViewController.swift; sourceTree = "<group>"; };
		C71CA9C226A98B700061CA6A /* GoogleService-Info.plist */ = {isa = PBXFileReference; fileEncoding = 4; lastKnownFileType = text.plist.xml; path = "GoogleService-Info.plist"; sourceTree = "<group>"; };
		C7377D73267E300A00823610 /* ContentView.swift */ = {isa = PBXFileReference; lastKnownFileType = sourcecode.swift; path = ContentView.swift; sourceTree = "<group>"; };
/* End PBXFileReference section */

/* Begin PBXFrameworksBuildPhase section */
		C70B2E69263DE549003E92CB /* Frameworks */ = {
			isa = PBXFrameworksBuildPhase;
			buildActionMask = 2147483647;
			files = (
				C7377D7B267E38B200823610 /* Pods_registrationPageFirebase.framework in Frameworks */,
			);
			runOnlyForDeploymentPostprocessing = 0;
		};
/* End PBXFrameworksBuildPhase section */

/* Begin PBXGroup section */
		B16D97971BFFF5C1DFE392AF /* Frameworks */ = {
			isa = PBXGroup;
			children = (
				8D50E5955560BD8BD8010A24 /* Pods_registrationPageFirebase.framework */,
			);
			name = Frameworks;
			sourceTree = "<group>";
		};
		C70B2E63263DE549003E92CB = {
			isa = PBXGroup;
			children = (
				C70B2E6E263DE549003E92CB /* registrationPageFirebase */,
				C70B2E6D263DE549003E92CB /* Products */,
				D465A76A113822339B3CB265 /* Pods */,
				B16D97971BFFF5C1DFE392AF /* Frameworks */,
			);
			sourceTree = "<group>";
		};
		C70B2E6D263DE549003E92CB /* Products */ = {
			isa = PBXGroup;
			children = (
				C70B2E6C263DE549003E92CB /* registrationPageFirebase.app */,
			);
			name = Products;
			sourceTree = "<group>";
		};
		C70B2E6E263DE549003E92CB /* registrationPageFirebase */ = {
			isa = PBXGroup;
			children = (
				C70B2E6F263DE549003E92CB /* AppDelegate.swift */,
				C70B2E71263DE549003E92CB /* SceneDelegate.swift */,
				C70B2E73263DE549003E92CB /* AuthenticationController.swift */,
				C70B2E85264035A9003E92CB /* AuthViewController.swift */,
				C70B2E87264035BE003E92CB /* LoginViewController.swift */,
				C70B2E8926403603003E92CB /* SignInViewController.swift */,
				C7377D73267E300A00823610 /* ContentView.swift */,
				C70B2E75263DE549003E92CB /* Main.storyboard */,
				C70B2E78263DE54B003E92CB /* Assets.xcassets */,
				C70B2E7A263DE54B003E92CB /* LaunchScreen.storyboard */,
				C70B2E7D263DE54B003E92CB /* Info.plist */,
				C71CA9C226A98B700061CA6A /* GoogleService-Info.plist */,
			);
			path = registrationPageFirebase;
			sourceTree = "<group>";
		};
		D465A76A113822339B3CB265 /* Pods */ = {
			isa = PBXGroup;
			children = (
				77D239D597415FC9A85D1F2D /* Pods-registrationPageFirebase.debug.xcconfig */,
				68D63B354720C749473EABA2 /* Pods-registrationPageFirebase.release.xcconfig */,
			);
			path = Pods;
			sourceTree = "<group>";
		};
/* End PBXGroup section */

/* Begin PBXNativeTarget section */
		C70B2E6B263DE549003E92CB /* registrationPageFirebase */ = {
			isa = PBXNativeTarget;
			buildConfigurationList = C70B2E80263DE54B003E92CB /* Build configuration list for PBXNativeTarget "registrationPageFirebase" */;
			buildPhases = (
				6D28DDC124E90ECBF1538632 /* [CP] Check Pods Manifest.lock */,
				C70B2E68263DE549003E92CB /* Sources */,
				C70B2E69263DE549003E92CB /* Frameworks */,
				C70B2E6A263DE549003E92CB /* Resources */,
				BFE374EDEDBF78F6D4B6FD56 /* [CP] Embed Pods Frameworks */,
			);
			buildRules = (
			);
			dependencies = (
			);
			name = registrationPageFirebase;
			productName = registrationPageFirebase;
			productReference = C70B2E6C263DE549003E92CB /* registrationPageFirebase.app */;
			productType = "com.apple.product-type.application";
		};
/* End PBXNativeTarget section */

/* Begin PBXProject section */
		C70B2E64263DE549003E92CB /* Project object */ = {
			isa = PBXProject;
			attributes = {
				LastSwiftUpdateCheck = 1250;
				LastUpgradeCheck = 1250;
				TargetAttributes = {
					C70B2E6B263DE549003E92CB = {
						CreatedOnToolsVersion = 12.5;
					};
				};
			};
			buildConfigurationList = C70B2E67263DE549003E92CB /* Build configuration list for PBXProject "registrationPageFirebase" */;
			compatibilityVersion = "Xcode 9.3";
			developmentRegion = en;
			hasScannedForEncodings = 0;
			knownRegions = (
				en,
				Base,
			);
			mainGroup = C70B2E63263DE549003E92CB;
			productRefGroup = C70B2E6D263DE549003E92CB /* Products */;
			projectDirPath = "";
			projectRoot = "";
			targets = (
				C70B2E6B263DE549003E92CB /* registrationPageFirebase */,
			);
		};
/* End PBXProject section */

/* Begin PBXResourcesBuildPhase section */
		C70B2E6A263DE549003E92CB /* Resources */ = {
			isa = PBXResourcesBuildPhase;
			buildActionMask = 2147483647;
			files = (
				C70B2E7C263DE54B003E92CB /* LaunchScreen.storyboard in Resources */,
				C71CA9C326A98B700061CA6A /* GoogleService-Info.plist in Resources */,
				C70B2E79263DE54B003E92CB /* Assets.xcassets in Resources */,
				C70B2E77263DE549003E92CB /* Main.storyboard in Resources */,
			);
			runOnlyForDeploymentPostprocessing = 0;
		};
/* End PBXResourcesBuildPhase section */

/* Begin PBXShellScriptBuildPhase section */
		6D28DDC124E90ECBF1538632 /* [CP] Check Pods Manifest.lock */ = {
			isa = PBXShellScriptBuildPhase;
			buildActionMask = 2147483647;
			files = (
			);
			inputFileListPaths = (
			);
			inputPaths = (
				"${PODS_PODFILE_DIR_PATH}/Podfile.lock",
				"${PODS_ROOT}/Manifest.lock",
			);
			name = "[CP] Check Pods Manifest.lock";
			outputFileListPaths = (
			);
			outputPaths = (
				"$(DERIVED_FILE_DIR)/Pods-registrationPageFirebase-checkManifestLockResult.txt",
			);
			runOnlyForDeploymentPostprocessing = 0;
			shellPath = /bin/sh;
			shellScript = "diff \"${PODS_PODFILE_DIR_PATH}/Podfile.lock\" \"${PODS_ROOT}/Manifest.lock\" > /dev/null\nif [ $? != 0 ] ; then\n    # print error to STDERR\n    echo \"error: The sandbox is not in sync with the Podfile.lock. Run 'pod install' or update your CocoaPods installation.\" >&2\n    exit 1\nfi\n# This output is used by Xcode 'outputs' to avoid re-running this script phase.\necho \"SUCCESS\" > \"${SCRIPT_OUTPUT_FILE_0}\"\n";
			showEnvVarsInLog = 0;
		};
		BFE374EDEDBF78F6D4B6FD56 /* [CP] Embed Pods Frameworks */ = {
			isa = PBXShellScriptBuildPhase;
			buildActionMask = 2147483647;
			files = (
			);
			inputFileListPaths = (
				"${PODS_ROOT}/Target Support Files/Pods-registrationPageFirebase/Pods-registrationPageFirebase-frameworks-${CONFIGURATION}-input-files.xcfilelist",
			);
			name = "[CP] Embed Pods Frameworks";
			outputFileListPaths = (
				"${PODS_ROOT}/Target Support Files/Pods-registrationPageFirebase/Pods-registrationPageFirebase-frameworks-${CONFIGURATION}-output-files.xcfilelist",
			);
			runOnlyForDeploymentPostprocessing = 0;
			shellPath = /bin/sh;
			shellScript = "\"${PODS_ROOT}/Target Support Files/Pods-registrationPageFirebase/Pods-registrationPageFirebase-frameworks.sh\"\n";
			showEnvVarsInLog = 0;
		};
/* End PBXShellScriptBuildPhase section */

/* Begin PBXSourcesBuildPhase section */
		C70B2E68263DE549003E92CB /* Sources */ = {
			isa = PBXSourcesBuildPhase;
			buildActionMask = 2147483647;
			files = (
				C70B2E86264035A9003E92CB /* AuthViewController.swift in Sources */,
				C7377D74267E300A00823610 /* ContentView.swift in Sources */,
				C70B2E74263DE549003E92CB /* AuthenticationController.swift in Sources */,
				C70B2E8A26403603003E92CB /* SignInViewController.swift in Sources */,
				C70B2E70263DE549003E92CB /* AppDelegate.swift in Sources */,
				C70B2E88264035BE003E92CB /* LoginViewController.swift in Sources */,
				C70B2E72263DE549003E92CB /* SceneDelegate.swift in Sources */,
			);
			runOnlyForDeploymentPostprocessing = 0;
		};
/* End PBXSourcesBuildPhase section */

/* Begin PBXVariantGroup section */
		C70B2E75263DE549003E92CB /* Main.storyboard */ = {
			isa = PBXVariantGroup;
			children = (
				C70B2E76263DE549003E92CB /* Base */,
			);
			name = Main.storyboard;
			sourceTree = "<group>";
		};
		C70B2E7A263DE54B003E92CB /* LaunchScreen.storyboard */ = {
			isa = PBXVariantGroup;
			children = (
				C70B2E7B263DE54B003E92CB /* Base */,
			);
			name = LaunchScreen.storyboard;
			sourceTree = "<group>";
		};
/* End PBXVariantGroup section */

/* Begin XCBuildConfiguration section */
		C70B2E7E263DE54B003E92CB /* Debug */ = {
			isa = XCBuildConfiguration;
			buildSettings = {
				ALWAYS_SEARCH_USER_PATHS = NO;
				CLANG_ANALYZER_NONNULL = YES;
				CLANG_ANALYZER_NUMBER_OBJECT_CONVERSION = YES_AGGRESSIVE;
				CLANG_CXX_LANGUAGE_STANDARD = "gnu++14";
				CLANG_CXX_LIBRARY = "libc++";
				CLANG_ENABLE_MODULES = YES;
				CLANG_ENABLE_OBJC_ARC = YES;
				CLANG_ENABLE_OBJC_WEAK = YES;
				CLANG_WARN_BLOCK_CAPTURE_AUTORELEASING = YES;
				CLANG_WARN_BOOL_CONVERSION = YES;
				CLANG_WARN_COMMA = YES;
				CLANG_WARN_CONSTANT_CONVERSION = YES;
				CLANG_WARN_DEPRECATED_OBJC_IMPLEMENTATIONS = YES;
				CLANG_WARN_DIRECT_OBJC_ISA_USAGE = YES_ERROR;
				CLANG_WARN_DOCUMENTATION_COMMENTS = YES;
				CLANG_WARN_EMPTY_BODY = YES;
				CLANG_WARN_ENUM_CONVERSION = YES;
				CLANG_WARN_INFINITE_RECURSION = YES;
				CLANG_WARN_INT_CONVERSION = YES;
				CLANG_WARN_NON_LITERAL_NULL_CONVERSION = YES;
				CLANG_WARN_OBJC_IMPLICIT_RETAIN_SELF = YES;
				CLANG_WARN_OBJC_LITERAL_CONVERSION = YES;
				CLANG_WARN_OBJC_ROOT_CLASS = YES_ERROR;
				CLANG_WARN_QUOTED_INCLUDE_IN_FRAMEWORK_HEADER = YES;
				CLANG_WARN_RANGE_LOOP_ANALYSIS = YES;
				CLANG_WARN_STRICT_PROTOTYPES = YES;
				CLANG_WARN_SUSPICIOUS_MOVE = YES;
				CLANG_WARN_UNGUARDED_AVAILABILITY = YES_AGGRESSIVE;
				CLANG_WARN_UNREACHABLE_CODE = YES;
				CLANG_WARN__DUPLICATE_METHOD_MATCH = YES;
				COPY_PHASE_STRIP = NO;
				DEBUG_INFORMATION_FORMAT = dwarf;
				ENABLE_STRICT_OBJC_MSGSEND = YES;
				ENABLE_TESTABILITY = YES;
				GCC_C_LANGUAGE_STANDARD = gnu11;
				GCC_DYNAMIC_NO_PIC = NO;
				GCC_NO_COMMON_BLOCKS = YES;
				GCC_OPTIMIZATION_LEVEL = 0;
				GCC_PREPROCESSOR_DEFINITIONS = (
					"DEBUG=1",
					"$(inherited)",
				);
				GCC_WARN_64_TO_32_BIT_CONVERSION = YES;
				GCC_WARN_ABOUT_RETURN_TYPE = YES_ERROR;
				GCC_WARN_UNDECLARED_SELECTOR = YES;
				GCC_WARN_UNINITIALIZED_AUTOS = YES_AGGRESSIVE;
				GCC_WARN_UNUSED_FUNCTION = YES;
				GCC_WARN_UNUSED_VARIABLE = YES;
				IPHONEOS_DEPLOYMENT_TARGET = 14.5;
				MTL_ENABLE_DEBUG_INFO = INCLUDE_SOURCE;
				MTL_FAST_MATH = YES;
				ONLY_ACTIVE_ARCH = YES;
				SDKROOT = iphoneos;
				SWIFT_ACTIVE_COMPILATION_CONDITIONS = DEBUG;
				SWIFT_OPTIMIZATION_LEVEL = "-Onone";
			};
			name = Debug;
		};
		C70B2E7F263DE54B003E92CB /* Release */ = {
			isa = XCBuildConfiguration;
			buildSettings = {
				ALWAYS_SEARCH_USER_PATHS = NO;
				CLANG_ANALYZER_NONNULL = YES;
				CLANG_ANALYZER_NUMBER_OBJECT_CONVERSION = YES_AGGRESSIVE;
				CLANG_CXX_LANGUAGE_STANDARD = "gnu++14";
				CLANG_CXX_LIBRARY = "libc++";
				CLANG_ENABLE_MODULES = YES;
				CLANG_ENABLE_OBJC_ARC = YES;
				CLANG_ENABLE_OBJC_WEAK = YES;
				CLANG_WARN_BLOCK_CAPTURE_AUTORELEASING = YES;
				CLANG_WARN_BOOL_CONVERSION = YES;
				CLANG_WARN_COMMA = YES;
				CLANG_WARN_CONSTANT_CONVERSION = YES;
				CLANG_WARN_DEPRECATED_OBJC_IMPLEMENTATIONS = YES;
				CLANG_WARN_DIRECT_OBJC_ISA_USAGE = YES_ERROR;
				CLANG_WARN_DOCUMENTATION_COMMENTS = YES;
				CLANG_WARN_EMPTY_BODY = YES;
				CLANG_WARN_ENUM_CONVERSION = YES;
				CLANG_WARN_INFINITE_RECURSION = YES;
				CLANG_WARN_INT_CONVERSION = YES;
				CLANG_WARN_NON_LITERAL_NULL_CONVERSION = YES;
				CLANG_WARN_OBJC_IMPLICIT_RETAIN_SELF = YES;
				CLANG_WARN_OBJC_LITERAL_CONVERSION = YES;
				CLANG_WARN_OBJC_ROOT_CLASS = YES_ERROR;
				CLANG_WARN_QUOTED_INCLUDE_IN_FRAMEWORK_HEADER = YES;
				CLANG_WARN_RANGE_LOOP_ANALYSIS = YES;
				CLANG_WARN_STRICT_PROTOTYPES = YES;
				CLANG_WARN_SUSPICIOUS_MOVE = YES;
				CLANG_WARN_UNGUARDED_AVAILABILITY = YES_AGGRESSIVE;
				CLANG_WARN_UNREACHABLE_CODE = YES;
				CLANG_WARN__DUPLICATE_METHOD_MATCH = YES;
				COPY_PHASE_STRIP = NO;
				DEBUG_INFORMATION_FORMAT = "dwarf-with-dsym";
				ENABLE_NS_ASSERTIONS = NO;
				ENABLE_STRICT_OBJC_MSGSEND = YES;
				GCC_C_LANGUAGE_STANDARD = gnu11;
				GCC_NO_COMMON_BLOCKS = YES;
				GCC_WARN_64_TO_32_BIT_CONVERSION = YES;
				GCC_WARN_ABOUT_RETURN_TYPE = YES_ERROR;
				GCC_WARN_UNDECLARED_SELECTOR = YES;
				GCC_WARN_UNINITIALIZED_AUTOS = YES_AGGRESSIVE;
				GCC_WARN_UNUSED_FUNCTION = YES;
				GCC_WARN_UNUSED_VARIABLE = YES;
				IPHONEOS_DEPLOYMENT_TARGET = 14.5;
				MTL_ENABLE_DEBUG_INFO = NO;
				MTL_FAST_MATH = YES;
				SDKROOT = iphoneos;
				SWIFT_COMPILATION_MODE = wholemodule;
				SWIFT_OPTIMIZATION_LEVEL = "-O";
				VALIDATE_PRODUCT = YES;
			};
			name = Release;
		};
		C70B2E81263DE54B003E92CB /* Debug */ = {
			isa = XCBuildConfiguration;
			baseConfigurationReference = 77D239D597415FC9A85D1F2D /* Pods-registrationPageFirebase.debug.xcconfig */;
			buildSettings = {
				ASSETCATALOG_COMPILER_APPICON_NAME = AppIcon;
				ASSETCATALOG_COMPILER_GLOBAL_ACCENT_COLOR_NAME = AccentColor;
				CODE_SIGN_STYLE = Automatic;
				DEVELOPMENT_TEAM = RF567GTML6;
				INFOPLIST_FILE = registrationPageFirebase/Info.plist;
				LD_RUNPATH_SEARCH_PATHS = (
					"$(inherited)",
					"@executable_path/Frameworks",
				);
				PRODUCT_BUNDLE_IDENTIFIER = avkylikov.registrationPageFirebase;
				PRODUCT_NAME = "$(TARGET_NAME)";
				SWIFT_VERSION = 5.0;
				TARGETED_DEVICE_FAMILY = 1;
			};
			name = Debug;
		};
		C70B2E82263DE54B003E92CB /* Release */ = {
			isa = XCBuildConfiguration;
			baseConfigurationReference = 68D63B354720C749473EABA2 /* Pods-registrationPageFirebase.release.xcconfig */;
			buildSettings = {
				ASSETCATALOG_COMPILER_APPICON_NAME = AppIcon;
				ASSETCATALOG_COMPILER_GLOBAL_ACCENT_COLOR_NAME = AccentColor;
				CODE_SIGN_STYLE = Automatic;
				DEVELOPMENT_TEAM = RF567GTML6;
				INFOPLIST_FILE = registrationPageFirebase/Info.plist;
				LD_RUNPATH_SEARCH_PATHS = (
					"$(inherited)",
					"@executable_path/Frameworks",
				);
				PRODUCT_BUNDLE_IDENTIFIER = avkylikov.registrationPageFirebase;
				PRODUCT_NAME = "$(TARGET_NAME)";
				SWIFT_VERSION = 5.0;
				TARGETED_DEVICE_FAMILY = 1;
			};
			name = Release;
		};
/* End XCBuildConfiguration section */

/* Begin XCConfigurationList section */
		C70B2E67263DE549003E92CB /* Build configuration list for PBXProject "registrationPageFirebase" */ = {
			isa = XCConfigurationList;
			buildConfigurations = (
				C70B2E7E263DE54B003E92CB /* Debug */,
				C70B2E7F263DE54B003E92CB /* Release */,
			);
			defaultConfigurationIsVisible = 0;
			defaultConfigurationName = Release;
		};
		C70B2E80263DE54B003E92CB /* Build configuration list for PBXNativeTarget "registrationPageFirebase" */ = {
			isa = XCConfigurationList;
			buildConfigurations = (
				C70B2E81263DE54B003E92CB /* Debug */,
				C70B2E82263DE54B003E92CB /* Release */,
			);
			defaultConfigurationIsVisible = 0;
			defaultConfigurationName = Release;
		};
/* End XCConfigurationList section */
	};
	rootObject = C70B2E64263DE549003E92CB /* Project object */;
}
